# THIS IS AN AUTOGENERATED FILE. DO NOT EDIT THIS FILE DIRECTLY.
# yarn lockfile v1


"@xmpp/client-core@^0.7.0":
  version "0.7.0"
  resolved "https://registry.yarnpkg.com/@xmpp/client-core/-/client-core-0.7.0.tgz#3e8c1cd5b558519c348369f7d63a57a7ddbaf647"
  integrity sha512-jvQ+C3fcIbBOBUmi3Jr5TYI1Q+lJ6IwsmbBRb7Fl81ZJ99Eipsi+Oax+WKS+eJwIH76xnXGCMr6MmynX4Cisvg==
  dependencies:
    "@xmpp/connection" "^0.7.0"
    "@xmpp/jid" "^0.7.0"
    "@xmpp/xml" "^0.7.0"

"@xmpp/client@^0.7.3":
  version "0.7.3"
  resolved "https://registry.yarnpkg.com/@xmpp/client/-/client-0.7.3.tgz#789ab348120a29db958b52b4cffd693f7b87ba28"
  integrity sha512-bcb8sqlM9BoXfSIm4GCtpbGg2fr3NnXdIwY0Ntv+4Po3RtifKYMsS7YiL/Ck0iYt7HbEnmMThe7cuZDr0vpakQ==
  dependencies:
    "@xmpp/client-core" "^0.7.0"
    "@xmpp/iq" "^0.7.1"
    "@xmpp/middleware" "^0.7.0"
    "@xmpp/reconnect" "^0.7.0"
    "@xmpp/resolve" "^0.7.1"
    "@xmpp/resource-binding" "^0.7.0"
    "@xmpp/sasl" "^0.7.0"
    "@xmpp/sasl-anonymous" "^0.7.0"
    "@xmpp/sasl-plain" "^0.7.0"
    "@xmpp/sasl-scram-sha-1" "^0.7.0"
    "@xmpp/session-establishment" "^0.7.0"
    "@xmpp/starttls" "^0.7.0"
    "@xmpp/stream-features" "^0.7.0"
    "@xmpp/tcp" "^0.7.0"
    "@xmpp/tls" "^0.7.0"
    "@xmpp/websocket" "^0.7.3"

"@xmpp/component-core@^0.7.0":
  version "0.7.0"
  resolved "https://registry.yarnpkg.com/@xmpp/component-core/-/component-core-0.7.0.tgz#10ab5da580a36052081d6739daf0e646b224f995"
  integrity sha512-NW5gKIr9BbbJ5oV3t5Sp4mb0WfCowZ7YRdojZ7RBDuG8JDf1W/ykTwCbjJfdtWQM5DrSRhZcvw7uciTdOQnSIw==
  dependencies:
    "@xmpp/connection-tcp" "^0.7.0"
    "@xmpp/jid" "^0.7.0"
    "@xmpp/xml" "^0.7.0"

"@xmpp/component@^0.7.1":
  version "0.7.1"
  resolved "https://registry.yarnpkg.com/@xmpp/component/-/component-0.7.1.tgz#108a790a724abf705e0a3186f72366b0374baa16"
  integrity sha512-SPAtNEFx9wFak/E7SyKz83pH+3/uqkKgqEw012g+qRBo8BSAjJiYWVMONaVT3A+0bfCQaUPuDox566wXGePVow==
  dependencies:
    "@xmpp/component-core" "^0.7.0"
    "@xmpp/iq" "^0.7.1"
    "@xmpp/middleware" "^0.7.0"
    "@xmpp/reconnect" "^0.7.0"

"@xmpp/connection-tcp@^0.7.0":
  version "0.7.0"
  resolved "https://registry.yarnpkg.com/@xmpp/connection-tcp/-/connection-tcp-0.7.0.tgz#7bcdbbe5c21ae52b55f4453f5ab30b980a654c28"
  integrity sha512-pZNf341JkN01e9+yJB8HsWbGloGPYTFXGazfOALvlv6XmGi/ujsR3GeReHk24MSTMWsvEeXS1tURoCegLolGRg==
  dependencies:
    "@xmpp/connection" "^0.7.0"
    "@xmpp/streamparser" "^0.0.6"
    "@xmpp/xml" "^0.7.0"

"@xmpp/connection@^0.7.0":
  version "0.7.0"
  resolved "https://registry.yarnpkg.com/@xmpp/connection/-/connection-0.7.0.tgz#98842f9c486f68616eaa8a9ed059dfdf9c309a6e"
  integrity sha512-kiYJ4SF1lCwKMmaqQxnScDmj5H7sP1hboj8iFAh2uYalosHD6J6MqvcifBwkITpZGp6F5u+qM88XZ9VN6ZTMOA==
  dependencies:
    "@xmpp/error" "^0.7.0"
    "@xmpp/events" "^0.7.0"
    "@xmpp/jid" "^0.7.0"
    "@xmpp/streamparser" "^0.0.6"
    "@xmpp/xml" "^0.7.0"

"@xmpp/debug@^0.7.0":
  version "0.7.0"
  resolved "https://registry.yarnpkg.com/@xmpp/debug/-/debug-0.7.0.tgz#3c20f8b86d176a623ea66bc7f66cae1af209b93c"
  integrity sha512-6Y8dlGXf6eJvqlG37I579yORzWnoNBAFghMSedse+CFCJP5QmSyJwCW1IAhPf8bdvEh67CDEXEkKzKIL7zwA/Q==

"@xmpp/error@^0.7.0":
  version "0.7.0"
  resolved "https://registry.yarnpkg.com/@xmpp/error/-/error-0.7.0.tgz#46dec4504275554c2670601604b37056ed9510b7"
  integrity sha512-zqGxt/Dxl8zfwDGzmRZjrTjtSIACq+Wit4E54SZywbxiykNkmInNpOIrKP2rsPwi7ghQsc7TfOmZxd9Bmc7Emw==

"@xmpp/events@^0.7.0":
  version "0.7.0"
  resolved "https://registry.yarnpkg.com/@xmpp/events/-/events-0.7.0.tgz#c3c71dcfd4114d582ef95ef0e34373eaf1ce7a82"
  integrity sha512-KdKxDJxivilbLEZzSRlup2nVr97MQpLuyMYZq/rMMdk8XafwvCKvNWqdfIYUvsFwWQdxbPW2hPoptYZwtdL9pg==
  dependencies:
    events "^3.0.0"

"@xmpp/id@^0.7.0":
  version "0.7.0"
  resolved "https://registry.yarnpkg.com/@xmpp/id/-/id-0.7.0.tgz#db5b404c5cbdfcfd6a97ba783e5bcbbe173e775d"
  integrity sha512-W2zQPPD6PN7TCaJiKgFaTCnbAMhfGnD2MOhghghoxUzsFepO/RtvfmFBsWbM0cRZZw7bumn0W06Cl2MW0FaaYw==

"@xmpp/iq@^0.7.1":
  version "0.7.1"
  resolved "https://registry.yarnpkg.com/@xmpp/iq/-/iq-0.7.1.tgz#8bf62050245cb6d669db1b42425f4b31bc1d4dbe"
  integrity sha512-RavaBJm/eOA78xOIUf3piejlC3fqo7yaRNPKQwn6amFHb9WbzB2sMxvKxUULC6Cr1xnHpHWVYkNvx8aQs/wNTA==
  dependencies:
    "@xmpp/events" "^0.7.0"
    "@xmpp/id" "^0.7.0"
    "@xmpp/middleware" "^0.7.0"
    "@xmpp/xml" "^0.7.0"

"@xmpp/jid@^0.7.0":
  version "0.7.0"
  resolved "https://registry.yarnpkg.com/@xmpp/jid/-/jid-0.7.0.tgz#1b8eca7adf4e0069d10d49849f36f771d774c24c"
  integrity sha512-g7nQOYTzJ2aZU9i8zP5QNN4mMyTfSWSWwlcgM8R5rHYe5xqpS51v75tzdaIEEotldLG4KrjFKks9nnSHaxO2lA==

"@xmpp/middleware@^0.7.0":
  version "0.7.0"
  resolved "https://registry.yarnpkg.com/@xmpp/middleware/-/middleware-0.7.0.tgz#4a812920606597cbf788139d35403986a194d124"
  integrity sha512-GW/ZPQUpYYbn2Ehbtca1qKUP0qlJd494YEvttTkFkt+yzNw0GhYAGrqBDrEGcO/Lym+E86DEybovN2q6BFViLg==
  dependencies:
    "@xmpp/error" "^0.7.0"
    "@xmpp/jid" "^0.7.0"
    "@xmpp/xml" "^0.7.0"
    koa-compose "^4.1.0"

"@xmpp/reconnect@^0.7.0":
  version "0.7.0"
  resolved "https://registry.yarnpkg.com/@xmpp/reconnect/-/reconnect-0.7.0.tgz#d80ba01768be4889d6210bc197e56c717ff940de"
  integrity sha512-B/vRM5Pu+qvrUYiYevnCF6AB2OMqo/pOvMCUZ8QYUGK9YK0V2lj/RubB1pdQdkLasVOGR7k9vkCYnkRGiE9IdA==
  dependencies:
    "@xmpp/events" "^0.7.0"

"@xmpp/resolve@^0.7.1":
  version "0.7.1"
  resolved "https://registry.yarnpkg.com/@xmpp/resolve/-/resolve-0.7.1.tgz#2aa0313ff246e20c2e92282078868b7602b7f34c"
  integrity sha512-/7XFLBxCrm/ggTOX2k6JToG6ph2qUK8Prxj1MfYJHZ0EjWO3sk8rf5rKIm6t9zLu8qosTie6BfQn/BIIRprfLg==
  dependencies:
    "@xmpp/connection" "^0.7.0"
    "@xmpp/xml" "^0.7.0"
    node-fetch "^2.3.0"

"@xmpp/resource-binding@^0.7.0":
  version "0.7.0"
  resolved "https://registry.yarnpkg.com/@xmpp/resource-binding/-/resource-binding-0.7.0.tgz#c20e021d6661eb74f50449f7781cec4045c5ef7a"
  integrity sha512-WvAJl2J9O7pkkw405HoBVgmZGjNFlayvUeyaaH7qhKmAdz0klNonzjadaMpBgH/b7kEJTjFY4sLvXh1pTJR+mg==
  dependencies:
    "@xmpp/xml" "^0.7.0"

"@xmpp/sasl-anonymous@^0.7.0":
  version "0.7.0"
  resolved "https://registry.yarnpkg.com/@xmpp/sasl-anonymous/-/sasl-anonymous-0.7.0.tgz#53c65423127e0f81f75e49001874dfedbce019a6"
  integrity sha512-0NhGR1vvQ6Wmso5Lrz0udJUQ1H90ZcHXEm/+/4mqSdDUaT8H2zRs7leQ7AHzTrWjY+KR42n6Prbjj1jzwpSd0w==
  dependencies:
    sasl-anonymous "^0.1.0"

"@xmpp/sasl-plain@^0.7.0":
  version "0.7.0"
  resolved "https://registry.yarnpkg.com/@xmpp/sasl-plain/-/sasl-plain-0.7.0.tgz#8911a8185fe8bbbc782f41145a1c5eb4ba60e0f0"
  integrity sha512-YrYpefnpYlHRg61hd5M1Tfas4Zyx3L5zb+nhPfu34mmScF0zXc+lolJKLj7/PTUdSFujBuftWr59SSK9ycPIFg==
  dependencies:
    sasl-plain "^0.1.0"

"@xmpp/sasl-scram-sha-1@^0.7.0":
  version "0.7.0"
  resolved "https://registry.yarnpkg.com/@xmpp/sasl-scram-sha-1/-/sasl-scram-sha-1-0.7.0.tgz#18e7e093f2c760bead7634cd4f49d9c67c947ed6"
  integrity sha512-uV8RJjxWI//RvhyqCVNZSl6gxHVsZxb/7fnLRvB1enCRDcfnXw7lghAXM9xPKm39kQZQnCDhdP0WZ4FOVQ9fvQ==
  dependencies:
    sasl-scram-sha-1 "^1.2.0"

"@xmpp/sasl@^0.7.0":
  version "0.7.0"
  resolved "https://registry.yarnpkg.com/@xmpp/sasl/-/sasl-0.7.0.tgz#540b6d70ae7c0ce59dcb6114ce222dfc99dfb9f8"
  integrity sha512-q2RbKVCwHoEnMsWaoXbxQt6kaMp8k/8h16vmNB0Rdr7GZE7DfJuQrqIpCdkiFNqQzkCmUBcb6QtrmSzbpgKYpg==
  dependencies:
    "@xmpp/error" "^0.7.0"
    "@xmpp/xml" "^0.7.0"
    js-base64 "^2.5.1"
    saslmechanisms "^0.1.1"

"@xmpp/session-establishment@^0.7.0":
  version "0.7.0"
  resolved "https://registry.yarnpkg.com/@xmpp/session-establishment/-/session-establishment-0.7.0.tgz#f3e9b929bca81d08061200656c14d22a3b5adcec"
  integrity sha512-5MWsySCd5nwnC8XmSfT9HdpsLzt5qBKiog6Uv7oplUz18AuKYHKmFVX4wR75cAXYzEvhQyp34XOrCaXuUEdEIw==
  dependencies:
    "@xmpp/xml" "^0.7.0"

"@xmpp/starttls@^0.7.0":
  version "0.7.0"
  resolved "https://registry.yarnpkg.com/@xmpp/starttls/-/starttls-0.7.0.tgz#b79bd6ed86ce977364e0a5a3e86b3140e66d055c"
  integrity sha512-XR+fQcmgTFZo9V94iG3AL+aLsRUT7glWG2LgILQsN0Mu9JtDpWc7JJuabS/JkSyMp0q8TlsEc6ZnVuz0yzT/qQ==
  dependencies:
    "@xmpp/xml" "^0.7.0"

"@xmpp/stream-features@^0.7.0":
  version "0.7.0"
  resolved "https://registry.yarnpkg.com/@xmpp/stream-features/-/stream-features-0.7.0.tgz#63a9b93942619bd865fe8c51a28c5d199873d057"
  integrity sha512-0pyyfAHoTl/936soSI/8CbMObqerWsNN3tMu9wBgLrMN3F2At23yrEoshD/NOCpAHah9CQEyrnv8X6CJKPgkSA==

"@xmpp/streamparser@^0.0.6":
  version "0.0.6"
  resolved "https://registry.yarnpkg.com/@xmpp/streamparser/-/streamparser-0.0.6.tgz#118033ea9db7c86a1cb46103f269ebff79f6f1ea"
  integrity sha1-EYAz6p23yGoctGED8mnr/3n28eo=
  dependencies:
    "@xmpp/xml" "^0.1.3"
    inherits "^2.0.3"
    ltx "^2.5.0"

"@xmpp/tcp@^0.7.0":
  version "0.7.0"
  resolved "https://registry.yarnpkg.com/@xmpp/tcp/-/tcp-0.7.0.tgz#9b1ad0651b24c67a53163450b501a68420b4cb61"
  integrity sha512-ByphSJ70KNOYBV1OTsodkpZs/L7P2d9okO5+5yUj6ZONuFL4aJ9UzdIyAYNotBnZUU/JDvPqrry2GhJK+z64uA==
  dependencies:
    "@xmpp/connection-tcp" "^0.7.0"

"@xmpp/tls@^0.7.0":
  version "0.7.0"
  resolved "https://registry.yarnpkg.com/@xmpp/tls/-/tls-0.7.0.tgz#7914fb9628ddfe5916b883aa5e8aa3cd3105213f"
  integrity sha512-M1cggy7WaUPE5+xJtJuXTz6Saf3Z+fCiWoh1fo7dWxSd4eiMfO/1iW3jq3IUgYsb9zFloGRtxL70ey2W+pvu8Q==
  dependencies:
    "@xmpp/connection-tcp" "^0.7.0"

"@xmpp/websocket@^0.7.3":
  version "0.7.3"
  resolved "https://registry.yarnpkg.com/@xmpp/websocket/-/websocket-0.7.3.tgz#da37a8bdcc4c9228a3a3f0d2b2b721d651b5b054"
  integrity sha512-0kEYnQQ83BUOTOTsLXDtYOMOWSqx/Wx5F4p8MWMiGwqjmvfVf+QIeh15kyrym2U75rrN3qltWgyXQ/HEKTNaSw==
  dependencies:
    "@xmpp/connection" "^0.7.0"
    "@xmpp/xml" "^0.7.0"
    ws "^7.0.0"

"@xmpp/xml@^0.1.3":
  version "0.1.3"
  resolved "https://registry.yarnpkg.com/@xmpp/xml/-/xml-0.1.3.tgz#1f14399e53e419688558698f6c62e71e39a86a6e"
  integrity sha1-HxQ5nlPkGWiFWGmPbGLnHjmoam4=
  dependencies:
    inherits "^2.0.3"
    ltx "^2.6.2"

"@xmpp/xml@^0.7.0":
  version "0.7.0"
  resolved "https://registry.yarnpkg.com/@xmpp/xml/-/xml-0.7.0.tgz#1b68a2efab8e819f27701b83913cffa8f84650b7"
  integrity sha512-NMMoR++PV2LKHViHdDy+rF+k1zWMDb4l6nICmK+0T+DeFRiHGaD1ik6sqfvSJDyOFynP1nBjnWKxQbfbQOAaBw==
  dependencies:
    ltx "^2.8.1"

async-limiter@^1.0.0:
  version "1.0.0"
  resolved "https://registry.yarnpkg.com/async-limiter/-/async-limiter-1.0.0.tgz#78faed8c3d074ab81f22b4e985d79e8738f720f8"
  integrity sha512-jp/uFnooOiO+L211eZOoSyzpOITMXx1rBITauYykG3BRYPu8h0UcxsPNB04RR5vo4Tyz3+ay17tR6JVf9qzYWg==

axios@^0.18.0:
  version "0.18.0"
  resolved "https://registry.yarnpkg.com/axios/-/axios-0.18.0.tgz#32d53e4851efdc0a11993b6cd000789d70c05102"
  integrity sha1-MtU+SFHv3AoRmTts0AB4nXDAUQI=
  dependencies:
    follow-redirects "^1.3.0"
    is-buffer "^1.1.5"

bitwise-xor@0.0.0:
  version "0.0.0"
  resolved "https://registry.yarnpkg.com/bitwise-xor/-/bitwise-xor-0.0.0.tgz#040a8172b5bb8cc562b0b7119f230b2a1a780e3d"
  integrity sha1-BAqBcrW7jMVisLcRnyMLKhp4Dj0=

cipher-base@^1.0.1, cipher-base@^1.0.3:
  version "1.0.4"
  resolved "https://registry.yarnpkg.com/cipher-base/-/cipher-base-1.0.4.tgz#8760e4ecc272f4c363532f926d874aae2c1397de"
  integrity sha512-Kkht5ye6ZGmwv40uUDZztayT2ThLQGfnj/T71N/XzeZeo3nf8foyW7zGTsPYkEya3m5f3cAypH+qe7YOrM1U2Q==
  dependencies:
    inherits "^2.0.1"
    safe-buffer "^5.0.1"

create-hash@^1.1.0:
  version "1.2.0"
  resolved "https://registry.yarnpkg.com/create-hash/-/create-hash-1.2.0.tgz#889078af11a63756bcfb59bd221996be3a9ef196"
  integrity sha512-z00bCGNHDG8mHAkP7CtT1qVu+bFQUPjYq/4Iv3C3kWjTFV10zIjfSoeqXo9Asws8gwSHDGj/hl2u4OGIjapeCg==
  dependencies:
    cipher-base "^1.0.1"
    inherits "^2.0.1"
    md5.js "^1.3.4"
    ripemd160 "^2.0.1"
    sha.js "^2.4.0"

create-hmac@^1.1.3:
  version "1.1.7"
  resolved "https://registry.yarnpkg.com/create-hmac/-/create-hmac-1.1.7.tgz#69170c78b3ab957147b2b8b04572e47ead2243ff"
  integrity sha512-MJG9liiZ+ogc4TzUwuvbER1JRdgvUFSB5+VR/g5h82fGaIRWMWddtKBHi7/sVhfjQZ6SehlyhvQYrcYkaUIpLg==
  dependencies:
    cipher-base "^1.0.3"
    create-hash "^1.1.0"
    inherits "^2.0.1"
    ripemd160 "^2.0.0"
    safe-buffer "^5.0.1"
    sha.js "^2.4.8"

debug@^3.2.6:
  version "3.2.6"
  resolved "https://registry.yarnpkg.com/debug/-/debug-3.2.6.tgz#e83d17de16d8a7efb7717edbe5fb10135eee629b"
  integrity sha512-mel+jf7nrtEl5Pn1Qx46zARXKDpBbvzezse7p7LqINmdoIk8PYP5SySaxEmYv6TZ0JyEKA1hsCId6DIhgITtWQ==
  dependencies:
    ms "^2.1.1"

deep-extend@^0.6.0:
  version "0.6.0"
  resolved "https://registry.yarnpkg.com/deep-extend/-/deep-extend-0.6.0.tgz#c4fa7c95404a17a9c3e8ca7e1537312b736330ac"
  integrity sha512-LOHxIOaPYdHlJRtCQfDIVZtfw/ufM8+rVj649RIHzcm/vGwQRXFt6OPqIFWsm2XEMrNIEtWR64sY1LEKD2vAOA==

events@^3.0.0:
  version "3.0.0"
  resolved "https://registry.yarnpkg.com/events/-/events-3.0.0.tgz#9a0a0dfaf62893d92b875b8f2698ca4114973e88"
  integrity sha512-Dc381HFWJzEOhQ+d8pkNon++bk9h6cdAoAj4iE6Q4y6xgTzySWXlKn05/TVNpjnfRqi/X0EpJEJohPjNI3zpVA==

follow-redirects@^1.3.0:
  version "1.7.0"
  resolved "https://registry.yarnpkg.com/follow-redirects/-/follow-redirects-1.7.0.tgz#489ebc198dc0e7f64167bd23b03c4c19b5784c76"
  integrity sha512-m/pZQy4Gj287eNy94nivy5wchN3Kp+Q5WgUPNy5lJSZ3sgkVKSYV/ZChMAQVIgx1SqfZ2zBZtPA2YlXIWxxJOQ==
  dependencies:
    debug "^3.2.6"

hash-base@^3.0.0:
  version "3.0.4"
  resolved "https://registry.yarnpkg.com/hash-base/-/hash-base-3.0.4.tgz#5fc8686847ecd73499403319a6b0a3f3f6ae4918"
  integrity sha1-X8hoaEfs1zSZQDMZprCj8/auSRg=
  dependencies:
    inherits "^2.0.1"
    safe-buffer "^5.0.1"

inherits@^2.0.1, inherits@^2.0.3:
  version "2.0.3"
  resolved "https://registry.yarnpkg.com/inherits/-/inherits-2.0.3.tgz#633c2c83e3da42a502f52466022480f4208261de"
  integrity sha1-Yzwsg+PaQqUC9SRmAiSA9CCCYd4=

is-buffer@^1.1.5:
  version "1.1.6"
  resolved "https://registry.yarnpkg.com/is-buffer/-/is-buffer-1.1.6.tgz#efaa2ea9daa0d7ab2ea13a97b2b8ad51fefbe8be"
  integrity sha512-NcdALwpXkTm5Zvvbk7owOUSvVvBKDgKP5/ewfXEznmQFfs4ZRmanOeKBTjRVjka3QFoN6XJ+9F3USqfHqTaU5w==

js-base64@^2.5.1:
  version "2.5.1"
  resolved "https://registry.yarnpkg.com/js-base64/-/js-base64-2.5.1.tgz#1efa39ef2c5f7980bb1784ade4a8af2de3291121"
  integrity sha512-M7kLczedRMYX4L8Mdh4MzyAMM9O5osx+4FcOQuTvr3A9F2D9S5JXheN0ewNbrvK2UatkTRhL5ejGmGSjNMiZuw==

koa-compose@^4.1.0:
  version "4.1.0"
  resolved "https://registry.yarnpkg.com/koa-compose/-/koa-compose-4.1.0.tgz#507306b9371901db41121c812e923d0d67d3e877"
  integrity sha512-8ODW8TrDuMYvXRwra/Kh7/rJo9BtOfPc6qO8eAfC80CnCvSjSl0bkRM24X6/XBBEyj0v1nRUQ1LyOy3dbqOWXw==

lodash@^4.17.11:
  version "4.17.11"
  resolved "https://registry.yarnpkg.com/lodash/-/lodash-4.17.11.tgz#b39ea6229ef607ecd89e2c8df12536891cac9b8d"
  integrity sha512-cQKh8igo5QUhZ7lg38DYWAxMvjSAKG0A8wGSVimP07SIUEK2UO+arSRKbRZWtelMtN5V0Hkwh5ryOto/SshYIg==

ltx@^2.5.0, ltx@^2.6.2, ltx@^2.8.1:
  version "2.8.1"
  resolved "https://registry.yarnpkg.com/ltx/-/ltx-2.8.1.tgz#5ab2770eb9e6d0a78dbed29416d706d8742b6658"
  integrity sha512-l4H1FS9I6IVqwvIpUHsSgyxE6t2jP7qd/2MeVG1UhmVK6vlHsQpfm2KNUcbdImeE0ai04vl1qTCF4CPCJqhknQ==
  dependencies:
    inherits "^2.0.1"

md5.js@^1.3.4:
  version "1.3.5"
  resolved "https://registry.yarnpkg.com/md5.js/-/md5.js-1.3.5.tgz#b5d07b8e3216e3e27cd728d72f70d1e6a342005f"
  integrity sha512-xitP+WxNPcTTOgnTJcrhM0xvdPepipPSf3I8EIpGKeFLjt3PlJLIDG3u8EX53ZIubkb+5U2+3rELYpEhHhzdkg==
  dependencies:
    hash-base "^3.0.0"
    inherits "^2.0.1"
    safe-buffer "^5.1.2"

ms@^2.1.1:
  version "2.1.1"
  resolved "https://registry.yarnpkg.com/ms/-/ms-2.1.1.tgz#30a5864eb3ebb0a66f2ebe6d727af06a09d86e0a"
  integrity sha512-tgp+dl5cGk28utYktBsrFqA7HKgrhgPsg6Z/EfhWI4gl1Hwq8B/GmY/0oXZ6nF8hDVesS/FpnYaD/kOWhYQvyg==

node-fetch@^2.3.0:
  version "2.6.0"
  resolved "https://registry.yarnpkg.com/node-fetch/-/node-fetch-2.6.0.tgz#e633456386d4aa55863f676a7ab0daa8fdecb0fd"
  integrity sha512-8dG4H5ujfvFiqDmVu9fQ5bOHUC15JMjMY/Zumv26oOvvVJjM67KF8koCWIabKQ1GJIa9r2mMZscBq/TbdOcmNA==

node-hue-api@^2.4.5:
  version "2.4.5"
  resolved "https://registry.yarnpkg.com/node-hue-api/-/node-hue-api-2.4.5.tgz#fb7ab206bc08040d57cb405c7e87e6dd31cce7aa"
  integrity sha512-JmT9Ljueiki8ZJ/jEg7vP8PMYwaBGbaSXUbgu1wL1Q0RKB06PNjm2ql4NZnMBSUdR8Oy1/c7/gOPoyyY7JEv3g==
  dependencies:
    axios "^0.18.0"
    deep-extend "^0.6.0"
    q "~1.4"
    traits "~0.4.0"
    xml2js "~0.4"

q@~1.4:
  version "1.4.1"
  resolved "https://registry.yarnpkg.com/q/-/q-1.4.1.tgz#55705bcd93c5f3673530c2c2cbc0c2b3addc286e"
  integrity sha1-VXBbzZPF82c1MMLCy8DCs63cKG4=

randombytes@^2.0.1:
  version "2.1.0"
  resolved "https://registry.yarnpkg.com/randombytes/-/randombytes-2.1.0.tgz#df6f84372f0270dc65cdf6291349ab7a473d4f2a"
  integrity sha512-vYl3iOX+4CKUWuxGi9Ukhie6fsqXqS9FE2Zaic4tNFD2N2QQaXOMFbuKK4QmDHC0JO6B1Zp41J0LpT0oR68amQ==
  dependencies:
    safe-buffer "^5.1.0"

ripemd160@^2.0.0, ripemd160@^2.0.1:
  version "2.0.2"
  resolved "https://registry.yarnpkg.com/ripemd160/-/ripemd160-2.0.2.tgz#a1c1a6f624751577ba5d07914cbc92850585890c"
  integrity sha512-ii4iagi25WusVoiC4B4lq7pbXfAp3D9v5CwfkY33vffw2+pkDjY1D8GaN7spsxvCSx8dkPqOZCEZyfxcmJG2IA==
  dependencies:
    hash-base "^3.0.0"
    inherits "^2.0.1"

safe-buffer@^5.0.1, safe-buffer@^5.1.0, safe-buffer@^5.1.2:
  version "5.1.2"
  resolved "https://registry.yarnpkg.com/safe-buffer/-/safe-buffer-5.1.2.tgz#991ec69d296e0313747d59bdfd2b745c35f8828d"
  integrity sha512-Gd2UZBJDkXlY7GbJxfsE8/nvKkUEU1G38c1siN6QP6a9PT9MmHB8GnpscSmMJSoF8LOIrt8ud/wPtojys4G6+g==

sasl-anonymous@^0.1.0:
  version "0.1.0"
  resolved "https://registry.yarnpkg.com/sasl-anonymous/-/sasl-anonymous-0.1.0.tgz#f544c7e824df2a40d9ad4733829572cc8d9ed5a5"
  integrity sha1-9UTH6CTfKkDZrUczgpVyzI2e1aU=

sasl-plain@^0.1.0:
  version "0.1.0"
  resolved "https://registry.yarnpkg.com/sasl-plain/-/sasl-plain-0.1.0.tgz#cf145e7c02222b64d60c0806d9cd2ae5380426cc"
  integrity sha1-zxRefAIiK2TWDAgG2c0q5TgEJsw=

sasl-scram-sha-1@^1.2.0:
  version "1.2.1"
  resolved "https://registry.yarnpkg.com/sasl-scram-sha-1/-/sasl-scram-sha-1-1.2.1.tgz#d88d51feaa0ff320d8eb1d6fc75657653f9dcd4b"
  integrity sha1-2I1R/qoP8yDY6x1vx1ZXZT+dzUs=
  dependencies:
    bitwise-xor "0.0.0"
    create-hash "^1.1.0"
    create-hmac "^1.1.3"
    randombytes "^2.0.1"

saslmechanisms@^0.1.1:
  version "0.1.1"
  resolved "https://registry.yarnpkg.com/saslmechanisms/-/saslmechanisms-0.1.1.tgz#478be1429500fcfaa780be88b3343ced7d2a9182"
  integrity sha1-R4vhQpUA/PqngL6IszQ87X0qkYI=

sax@>=0.6.0:
  version "1.2.4"
  resolved "https://registry.yarnpkg.com/sax/-/sax-1.2.4.tgz#2816234e2378bddc4e5354fab5caa895df7100d9"
  integrity sha512-NqVDv9TpANUjFm0N8uM5GxL36UgKi9/atZw+x7YFnQ8ckwFGKrl4xX4yWtrey3UJm5nP1kUbnYgLopqWNSRhWw==

sha.js@^2.4.0, sha.js@^2.4.8:
  version "2.4.11"
  resolved "https://registry.yarnpkg.com/sha.js/-/sha.js-2.4.11.tgz#37a5cf0b81ecbc6943de109ba2960d1b26584ae7"
  integrity sha512-QMEp5B7cftE7APOjk5Y6xgrbWu+WkLVQwk8JNjZ8nKRciZaByEW6MubieAiToS7+dwvrjGhH8jRXz3MVd0AYqQ==
  dependencies:
    inherits "^2.0.1"
    safe-buffer "^5.0.1"

traits@~0.4.0:
  version "0.4.0"
  resolved "https://registry.yarnpkg.com/traits/-/traits-0.4.0.tgz#416edcabdc8bf64bd29102a7453dcddd857371a1"
  integrity sha1-QW7cq9yL9kvSkQKnRT3N3YVzcaE=

ws@^7.0.0:
  version "7.0.0"
  resolved "https://registry.yarnpkg.com/ws/-/ws-7.0.0.tgz#79351cbc3f784b3c20d0821baf4b4ff809ffbf51"
  integrity sha512-cknCal4k0EAOrh1SHHPPWWh4qm93g1IuGGGwBjWkXmCG7LsDtL8w9w+YVfaF+KSVwiHQKDIMsSLBVftKf9d1pg==
  dependencies:
    async-limiter "^1.0.0"

xml2js@~0.4:
  version "0.4.19"
  resolved "https://registry.yarnpkg.com/xml2js/-/xml2js-0.4.19.tgz#686c20f213209e94abf0d1bcf1efaa291c7827a7"
  integrity sha512-esZnJZJOiJR9wWKMyuvSE1y6Dq5LCuJanqhxslH2bxM6duahNZ+HMpCLhBQGZkbX6xRf8x1Y2eJlgt2q3qo49Q==
  dependencies:
    sax ">=0.6.0"
    xmlbuilder "~9.0.1"

xmlbuilder@~9.0.1:
  version "9.0.7"
  resolved "https://registry.yarnpkg.com/xmlbuilder/-/xmlbuilder-9.0.7.tgz#132ee63d2ec5565c557e20f4c22df9aca686b10d"
  integrity sha1-Ey7mPS7FVlxVfiD0wi35rKaGsQ0=
